
Microsoft Visual Studio Solution File, Format Version 12.00
# Visual Studio 2013
VisualStudioVersion = 12.0.21005.1
MinimumVisualStudioVersion = 10.0.40219.1
Project("{FAE04EC0-301F-11D3-BF4B-00C04F79EFBC}") = "Parser", "CsvFormatterSample\Parser.csproj", "{8210DC58-89FD-4A71-9146-16C4FB5F85AB}"
EndProject
Project("{FAE04EC0-301F-11D3-BF4B-00C04F79EFBC}") = "InputConsole", "TestingApplication\InputConsole.csproj", "{814CCC12-BB6E-46FC-A500-4D3F901531ED}"
EndProject
Project("{FAE04EC0-301F-11D3-BF4B-00C04F79EFBC}") = "InvoiceTaxCalculator", "InvoiceTaxCalculator\InvoiceTaxCalculator.csproj", "{A42ACF0C-2D15-4B6A-B46E-CD160C93ED73}"
EndProject
Project("{FAE04EC0-301F-11D3-BF4B-00C04F79EFBC}") = "Model", "Model\Model.csproj", "{5D9F8E24-86B4-40AA-BB72-41C58D43C3C9}"
EndProject
Project("{2150E333-8FDC-42A3-9474-1A3956D46DE8}") = "Tests", "Tests", "{487D28E5-9620-47F5-AB90-A5EB60273343}"
EndProject
Project("{FAE04EC0-301F-11D3-BF4B-00C04F79EFBC}") = "InvoiceTaxCalculator.Tests", "InvoiceTaxCalculator.Tests\InvoiceTaxCalculator.Tests.csproj", "{FC27C7CC-EC58-49D6-8552-EEC5D54C122C}"
EndProject
Project("{2150E333-8FDC-42A3-9474-1A3956D46DE8}") = "Solution Items", "Solution Items", "{694B97F5-2AA1-4DD3-AE42-43E821032048}"
	ProjectSection(SolutionItems) = preProject
		C:\Users\sivarajk\.VirtualBox\Desktop\baba.PNG = C:\Users\sivarajk\.VirtualBox\Desktop\baba.PNG
	EndProjectSection
EndProject
Global
	GlobalSection(SolutionConfigurationPlatforms) = preSolution
		Debug|Any CPU = Debug|Any CPU
		Release|Any CPU = Release|Any CPU
	EndGlobalSection
	GlobalSection(ProjectConfigurationPlatforms) = postSolution
		{8210DC58-89FD-4A71-9146-16C4FB5F85AB}.Debug|Any CPU.ActiveCfg = Debug|Any CPU
		{8210DC58-89FD-4A71-9146-16C4FB5F85AB}.Debug|Any CPU.Build.0 = Debug|Any CPU
		{8210DC58-89FD-4A71-9146-16C4FB5F85AB}.Release|Any CPU.ActiveCfg = Release|Any CPU
		{8210DC58-89FD-4A71-9146-16C4FB5F85AB}.Release|Any CPU.Build.0 = Release|Any CPU
		{814CCC12-BB6E-46FC-A500-4D3F901531ED}.Debug|Any CPU.ActiveCfg = Debug|Any CPU
		{814CCC12-BB6E-46FC-A500-4D3F901531ED}.Debug|Any CPU.Build.0 = Debug|Any CPU
		{814CCC12-BB6E-46FC-A500-4D3F901531ED}.Release|Any CPU.ActiveCfg = Release|Any CPU
		{814CCC12-BB6E-46FC-A500-4D3F901531ED}.Release|Any CPU.Build.0 = Release|Any CPU
		{A42ACF0C-2D15-4B6A-B46E-CD160C93ED73}.Debug|Any CPU.ActiveCfg = Debug|Any CPU
		{A42ACF0C-2D15-4B6A-B46E-CD160C93ED73}.Debug|Any CPU.Build.0 = Debug|Any CPU
		{A42ACF0C-2D15-4B6A-B46E-CD160C93ED73}.Release|Any CPU.ActiveCfg = Release|Any CPU
		{A42ACF0C-2D15-4B6A-B46E-CD160C93ED73}.Release|Any CPU.Build.0 = Release|Any CPU
		{5D9F8E24-86B4-40AA-BB72-41C58D43C3C9}.Debug|Any CPU.ActiveCfg = Debug|Any CPU
		{5D9F8E24-86B4-40AA-BB72-41C58D43C3C9}.Debug|Any CPU.Build.0 = Debug|Any CPU
		{5D9F8E24-86B4-40AA-BB72-41C58D43C3C9}.Release|Any CPU.ActiveCfg = Release|Any CPU
		{5D9F8E24-86B4-40AA-BB72-41C58D43C3C9}.Release|Any CPU.Build.0 = Release|Any CPU
		{FC27C7CC-EC58-49D6-8552-EEC5D54C122C}.Debug|Any CPU.ActiveCfg = Debug|Any CPU
		{FC27C7CC-EC58-49D6-8552-EEC5D54C122C}.Debug|Any CPU.Build.0 = Debug|Any CPU
		{FC27C7CC-EC58-49D6-8552-EEC5D54C122C}.Release|Any CPU.ActiveCfg = Release|Any CPU
		{FC27C7CC-EC58-49D6-8552-EEC5D54C122C}.Release|Any CPU.Build.0 = Release|Any CPU
	EndGlobalSection
	GlobalSection(SolutionProperties) = preSolution
		HideSolutionNode = FALSE
	EndGlobalSection
	GlobalSection(NestedProjects) = preSolution
		{FC27C7CC-EC58-49D6-8552-EEC5D54C122C} = {487D28E5-9620-47F5-AB90-A5EB60273343}
	EndGlobalSection
EndGlobal
